
Microsoft Visual Studio Solution File, Format Version 12.00
# Visual Studio Version 17
VisualStudioVersion = 17.3.32922.545
MinimumVisualStudioVersion = 10.0.40219.1
Project("{8BC9CEB8-8B4A-11D0-8D11-00A0C91BC942}") = "Blackjack", "Blackjack.vcxproj", "{767D2E04-502D-4CBA-8321-43669E4DBFAD}"
EndProject
Global
	GlobalSection(SolutionConfigurationPlatforms) = preSolution
		Debug|x64 = Debug|x64
		Debug|x86 = Debug|x86
		Release|x64 = Release|x64
		Release|x86 = Release|x86
	EndGlobalSection
	GlobalSection(ProjectConfigurationPlatforms) = postSolution
		{767D2E04-502D-4CBA-8321-43669E4DBFAD}.Debug|x64.ActiveCfg = Debug|x64
		{767D2E04-502D-4CBA-8321-43669E4DBFAD}.Debug|x64.Build.0 = Debug|x64
		{767D2E04-502D-4CBA-8321-43669E4DBFAD}.Debug|x86.ActiveCfg = Debug|Win32
		{767D2E04-502D-4CBA-8321-43669E4DBFAD}.Debug|x86.Build.0 = Debug|Win32
		{767D2E04-502D-4CBA-8321-43669E4DBFAD}.Release|x64.ActiveCfg = Release|x64
		{767D2E04-502D-4CBA-8321-43669E4DBFAD}.Release|x64.Build.0 = Release|x64
		{767D2E04-502D-4CBA-8321-43669E4DBFAD}.Release|x86.ActiveCfg = Release|Win32
		{767D2E04-502D-4CBA-8321-43669E4DBFAD}.Release|x86.Build.0 = Release|Win32
	EndGlobalSection
	GlobalSection(SolutionProperties) = preSolution
		HideSolutionNode = FALSE
	EndGlobalSection
	GlobalSection(ExtensibilityGlobals) = postSolution
		SolutionGuid = {484E43B7-8271-4646-9AEA-F312033F884C}
	EndGlobalSection
EndGlobal
